lockfileVersion: '9.0'

settings:
  autoInstallPeers: true
  excludeLinksFromLockfile: false

importers:

  .:
    dependencies:
      blessed:
        specifier: ^0.1.81
        version: 0.1.81
      chalk:
        specifier: ^5.4.1
        version: 5.4.1

packages:

  blessed@0.1.81:
    resolution: {integrity: sha512-LoF5gae+hlmfORcG1M5+5XZi4LBmvlXTzwJWzUlPryN/SJdSflZvROM2TwkT0GMpq7oqT48NRd4GS7BiVBc5OQ==}
    engines: {node: '>= 0.8.0'}
    hasBin: true

  chalk@5.4.1:
    resolution: {integrity: sha512-zgVZuo2WcZgfUEmsn6eO3kINexW8RAE4maiQ8QNs8CtpPCSyMiYsULR3HQYkm3w8FIA3SberyMJMSldGsW+U3w==}
    engines: {node: ^12.17.0 || ^14.13 || >=16.0.0}

snapshots:

  blessed@0.1.81: {}

  chalk@5.4.1: {}
